{
  "name": "photorama",
  "version": "1.0.0",
  "lockfileVersion": 2,
  "requires": true,
  "packages": {
    "": {
      "name": "photorama",
      "version": "1.0.0",
      "license": "Apache-2.0",
      "dependencies": {
        "searchkit": "^4.9.0"
      }
    },
    "node_modules/deepmerge": {
      "version": "4.3.1",
      "resolved": "https://registry.npmjs.org/deepmerge/-/deepmerge-4.3.1.tgz",
      "integrity": "sha512-3sUqbMEc77XqpdNO7FRyRog+eW3ph+GYCbj+rK+uYyRMuwsVy0rMiVtPn+QJlKFvWP/1PYpapqYn0Me2knFn+A==",
      "engines": {
        "node": ">=0.10.0"
      }
    },
    "node_modules/searchkit": {
      "version": "4.9.0",
      "resolved": "https://registry.npmjs.org/searchkit/-/searchkit-4.9.0.tgz",
      "integrity": "sha512-rOo/TxS2kHb8NDRLjKpFYgDTOdZ5Jj+OOhQZJ30HAEE8O4J/dg9iXz9LAtpXdT/Jo5fOZ8gBJ2gN720ra2xv6g==",
      "dependencies": {
        "deepmerge": "^4.2.2"
      }
    }
  },
  "dependencies": {
    "deepmerge": {
      "version": "4.3.1",
      "resolved": "https://registry.npmjs.org/deepmerge/-/deepmerge-4.3.1.tgz",
      "integrity": "sha512-3sUqbMEc77XqpdNO7FRyRog+eW3ph+GYCbj+rK+uYyRMuwsVy0rMiVtPn+QJlKFvWP/1PYpapqYn0Me2knFn+A=="
    },
    "searchkit": {
      "version": "4.9.0",
      "resolved": "https://registry.npmjs.org/searchkit/-/searchkit-4.9.0.tgz",
      "integrity": "sha512-rOo/TxS2kHb8NDRLjKpFYgDTOdZ5Jj+OOhQZJ30HAEE8O4J/dg9iXz9LAtpXdT/Jo5fOZ8gBJ2gN720ra2xv6g==",
      "requires": {
        "deepmerge": "^4.2.2"
      }
    }
  }
}
